// !$*UTF8*$!
{
	archiveVersion = 1;
	classes = {
	};
	objectVersion = 55;
	objects = {

/* Begin PBXBuildFile section */
		85074728292B8A3A00425A97 /* AppDelegate.swift in Sources */ = {isa = PBXBuildFile; fileRef = 85074727292B8A3A00425A97 /* AppDelegate.swift */; };
		8507472A292B8A3A00425A97 /* SceneDelegate.swift in Sources */ = {isa = PBXBuildFile; fileRef = 85074729292B8A3A00425A97 /* SceneDelegate.swift */; };
		85074734292B8A3B00425A97 /* LaunchScreen.storyboard in Resources */ = {isa = PBXBuildFile; fileRef = 85074732292B8A3B00425A97 /* LaunchScreen.storyboard */; };
		85074742292B94F800425A97 /* Main.storyboard in Resources */ = {isa = PBXBuildFile; fileRef = 85074741292B94F800425A97 /* Main.storyboard */; };
		85074744292B952B00425A97 /* SignInStoryboard.storyboard in Resources */ = {isa = PBXBuildFile; fileRef = 85074743292B952B00425A97 /* SignInStoryboard.storyboard */; };
		85074748292BE23200425A97 /* Assets.xcassets in Resources */ = {isa = PBXBuildFile; fileRef = 85074747292BE23200425A97 /* Assets.xcassets */; };
		8507474C292BE75600425A97 /* SignupStoryboard.storyboard in Resources */ = {isa = PBXBuildFile; fileRef = 8507474B292BE75600425A97 /* SignupStoryboard.storyboard */; };
		85DDFD1C292C247A0017D662 /* SignInViewController.swift in Sources */ = {isa = PBXBuildFile; fileRef = 85DDFD1B292C247A0017D662 /* SignInViewController.swift */; };
		85DDFD1E292C249E0017D662 /* CreateAccountViewController.swift in Sources */ = {isa = PBXBuildFile; fileRef = 85DDFD1D292C249E0017D662 /* CreateAccountViewController.swift */; };
		85DDFD21292C31270017D662 /* VerificationService.swift in Sources */ = {isa = PBXBuildFile; fileRef = 85DDFD20292C31270017D662 /* VerificationService.swift */; };
		85DDFD24292D30EE0017D662 /* UIViewControllerExt.swift in Sources */ = {isa = PBXBuildFile; fileRef = 85DDFD23292D30EE0017D662 /* UIViewControllerExt.swift */; };
		85DDFD262934F6340017D662 /* VerificationsVC.swift in Sources */ = {isa = PBXBuildFile; fileRef = 85DDFD252934F6340017D662 /* VerificationsVC.swift */; };
		85DDFD28293504630017D662 /* UserModel.swift in Sources */ = {isa = PBXBuildFile; fileRef = 85DDFD27293504630017D662 /* UserModel.swift */; };
		85DDFD2A293629B70017D662 /* WelcomeViewController.swift in Sources */ = {isa = PBXBuildFile; fileRef = 85DDFD29293629B70017D662 /* WelcomeViewController.swift */; };
		85DDFD2C293637220017D662 /* UserDefaultsService.swift in Sources */ = {isa = PBXBuildFile; fileRef = 85DDFD2B293637220017D662 /* UserDefaultsService.swift */; };
		85DDFD2E293637A70017D662 /* UserDefaultsExt.swift in Sources */ = {isa = PBXBuildFile; fileRef = 85DDFD2D293637A70017D662 /* UserDefaultsExt.swift */; };
/* End PBXBuildFile section */

/* Begin PBXFileReference section */
		85074724292B8A3A00425A97 /* AppRegistration.app */ = {isa = PBXFileReference; explicitFileType = wrapper.application; includeInIndex = 0; path = AppRegistration.app; sourceTree = BUILT_PRODUCTS_DIR; };
		85074727292B8A3A00425A97 /* AppDelegate.swift */ = {isa = PBXFileReference; lastKnownFileType = sourcecode.swift; path = AppDelegate.swift; sourceTree = "<group>"; };
		85074729292B8A3A00425A97 /* SceneDelegate.swift */ = {isa = PBXFileReference; lastKnownFileType = sourcecode.swift; path = SceneDelegate.swift; sourceTree = "<group>"; };
		85074733292B8A3B00425A97 /* Base */ = {isa = PBXFileReference; lastKnownFileType = file.storyboard; name = Base; path = Base.lproj/LaunchScreen.storyboard; sourceTree = "<group>"; };
		85074735292B8A3B00425A97 /* Info.plist */ = {isa = PBXFileReference; lastKnownFileType = text.plist.xml; path = Info.plist; sourceTree = "<group>"; };
		85074741292B94F800425A97 /* Main.storyboard */ = {isa = PBXFileReference; lastKnownFileType = file.storyboard; path = Main.storyboard; sourceTree = "<group>"; };
		85074743292B952B00425A97 /* SignInStoryboard.storyboard */ = {isa = PBXFileReference; lastKnownFileType = file.storyboard; path = SignInStoryboard.storyboard; sourceTree = "<group>"; };
		85074747292BE23200425A97 /* Assets.xcassets */ = {isa = PBXFileReference; lastKnownFileType = folder.assetcatalog; path = Assets.xcassets; sourceTree = "<group>"; };
		8507474B292BE75600425A97 /* SignupStoryboard.storyboard */ = {isa = PBXFileReference; lastKnownFileType = file.storyboard; path = SignupStoryboard.storyboard; sourceTree = "<group>"; };
		85DDFD1B292C247A0017D662 /* SignInViewController.swift */ = {isa = PBXFileReference; lastKnownFileType = sourcecode.swift; path = SignInViewController.swift; sourceTree = "<group>"; };
		85DDFD1D292C249E0017D662 /* CreateAccountViewController.swift */ = {isa = PBXFileReference; lastKnownFileType = sourcecode.swift; path = CreateAccountViewController.swift; sourceTree = "<group>"; };
		85DDFD20292C31270017D662 /* VerificationService.swift */ = {isa = PBXFileReference; lastKnownFileType = sourcecode.swift; path = VerificationService.swift; sourceTree = "<group>"; };
		85DDFD23292D30EE0017D662 /* UIViewControllerExt.swift */ = {isa = PBXFileReference; lastKnownFileType = sourcecode.swift; path = UIViewControllerExt.swift; sourceTree = "<group>"; };
		85DDFD252934F6340017D662 /* VerificationsVC.swift */ = {isa = PBXFileReference; lastKnownFileType = sourcecode.swift; path = VerificationsVC.swift; sourceTree = "<group>"; };
		85DDFD27293504630017D662 /* UserModel.swift */ = {isa = PBXFileReference; lastKnownFileType = sourcecode.swift; path = UserModel.swift; sourceTree = "<group>"; };
		85DDFD29293629B70017D662 /* WelcomeViewController.swift */ = {isa = PBXFileReference; lastKnownFileType = sourcecode.swift; path = WelcomeViewController.swift; sourceTree = "<group>"; };
		85DDFD2B293637220017D662 /* UserDefaultsService.swift */ = {isa = PBXFileReference; lastKnownFileType = sourcecode.swift; path = UserDefaultsService.swift; sourceTree = "<group>"; };
		85DDFD2D293637A70017D662 /* UserDefaultsExt.swift */ = {isa = PBXFileReference; lastKnownFileType = sourcecode.swift; path = UserDefaultsExt.swift; sourceTree = "<group>"; };
/* End PBXFileReference section */

/* Begin PBXFrameworksBuildPhase section */
		85074721292B8A3A00425A97 /* Frameworks */ = {
			isa = PBXFrameworksBuildPhase;
			buildActionMask = 2147483647;
			files = (
			);
			runOnlyForDeploymentPostprocessing = 0;
		};
/* End PBXFrameworksBuildPhase section */

/* Begin PBXGroup section */
		8507471B292B8A3A00425A97 = {
			isa = PBXGroup;
			children = (
				85074726292B8A3A00425A97 /* AppRegistration */,
				85074725292B8A3A00425A97 /* Products */,
			);
			sourceTree = "<group>";
		};
		85074725292B8A3A00425A97 /* Products */ = {
			isa = PBXGroup;
			children = (
				85074724292B8A3A00425A97 /* AppRegistration.app */,
			);
			name = Products;
			sourceTree = "<group>";
		};
		85074726292B8A3A00425A97 /* AppRegistration */ = {
			isa = PBXGroup;
			children = (
				85DDFD22292D30A60017D662 /* extentions */,
				85DDFD1A292C243B0017D662 /* Controllers */,
				85DDFD1F292C30A80017D662 /* Services */,
				8507473C292B904E00425A97 /* Models */,
				8507473D292B909100425A97 /* Views */,
				85074732292B8A3B00425A97 /* LaunchScreen.storyboard */,
				8507473B292B8FB600425A97 /* AppDelegares */,
				85074747292BE23200425A97 /* Assets.xcassets */,
				85074735292B8A3B00425A97 /* Info.plist */,
			);
			path = AppRegistration;
			sourceTree = "<group>";
		};
		8507473B292B8FB600425A97 /* AppDelegares */ = {
			isa = PBXGroup;
			children = (
				85074727292B8A3A00425A97 /* AppDelegate.swift */,
				85074729292B8A3A00425A97 /* SceneDelegate.swift */,
			);
			path = AppDelegares;
			sourceTree = "<group>";
		};
		8507473C292B904E00425A97 /* Models */ = {
			isa = PBXGroup;
			children = (
				85DDFD27293504630017D662 /* UserModel.swift */,
			);
			path = Models;
			sourceTree = "<group>";
		};
		8507473D292B909100425A97 /* Views */ = {
			isa = PBXGroup;
			children = (
				85074741292B94F800425A97 /* Main.storyboard */,
				85074743292B952B00425A97 /* SignInStoryboard.storyboard */,
				8507474B292BE75600425A97 /* SignupStoryboard.storyboard */,
			);
			path = Views;
			sourceTree = "<group>";
		};
		85DDFD1A292C243B0017D662 /* Controllers */ = {
			isa = PBXGroup;
			children = (
				85DDFD1B292C247A0017D662 /* SignInViewController.swift */,
				85DDFD1D292C249E0017D662 /* CreateAccountViewController.swift */,
				85DDFD252934F6340017D662 /* VerificationsVC.swift */,
				85DDFD29293629B70017D662 /* WelcomeViewController.swift */,
			);
			path = Controllers;
			sourceTree = "<group>";
		};
		85DDFD1F292C30A80017D662 /* Services */ = {
			isa = PBXGroup;
			children = (
				85DDFD20292C31270017D662 /* VerificationService.swift */,
				85DDFD2B293637220017D662 /* UserDefaultsService.swift */,
			);
			path = Services;
			sourceTree = "<group>";
		};
		85DDFD22292D30A60017D662 /* extentions */ = {
			isa = PBXGroup;
			children = (
				85DDFD23292D30EE0017D662 /* UIViewControllerExt.swift */,
				85DDFD2D293637A70017D662 /* UserDefaultsExt.swift */,
			);
			path = extentions;
			sourceTree = "<group>";
		};
/* End PBXGroup section */

/* Begin PBXNativeTarget section */
		85074723292B8A3A00425A97 /* AppRegistration */ = {
			isa = PBXNativeTarget;
			buildConfigurationList = 85074738292B8A3B00425A97 /* Build configuration list for PBXNativeTarget "AppRegistration" */;
			buildPhases = (
				85074720292B8A3A00425A97 /* Sources */,
				85074721292B8A3A00425A97 /* Frameworks */,
				85074722292B8A3A00425A97 /* Resources */,
			);
			buildRules = (
			);
			dependencies = (
			);
			name = AppRegistration;
			productName = AppRegistration;
			productReference = 85074724292B8A3A00425A97 /* AppRegistration.app */;
			productType = "com.apple.product-type.application";
		};
/* End PBXNativeTarget section */

/* Begin PBXProject section */
		8507471C292B8A3A00425A97 /* Project object */ = {
			isa = PBXProject;
			attributes = {
				BuildIndependentTargetsInParallel = 1;
				LastSwiftUpdateCheck = 1330;
				LastUpgradeCheck = 1330;
				TargetAttributes = {
					85074723292B8A3A00425A97 = {
						CreatedOnToolsVersion = 13.3;
					};
				};
			};
			buildConfigurationList = 8507471F292B8A3A00425A97 /* Build configuration list for PBXProject "AppRegistration" */;
			compatibilityVersion = "Xcode 13.0";
			developmentRegion = en;
			hasScannedForEncodings = 0;
			knownRegions = (
				en,
				Base,
			);
			mainGroup = 8507471B292B8A3A00425A97;
			productRefGroup = 85074725292B8A3A00425A97 /* Products */;
			projectDirPath = "";
			projectRoot = "";
			targets = (
				85074723292B8A3A00425A97 /* AppRegistration */,
			);
		};
/* End PBXProject section */

/* Begin PBXResourcesBuildPhase section */
		85074722292B8A3A00425A97 /* Resources */ = {
			isa = PBXResourcesBuildPhase;
			buildActionMask = 2147483647;
			files = (
				85074742292B94F800425A97 /* Main.storyboard in Resources */,
				85074734292B8A3B00425A97 /* LaunchScreen.storyboard in Resources */,
				85074744292B952B00425A97 /* SignInStoryboard.storyboard in Resources */,
				8507474C292BE75600425A97 /* SignupStoryboard.storyboard in Resources */,
				85074748292BE23200425A97 /* Assets.xcassets in Resources */,
			);
			runOnlyForDeploymentPostprocessing = 0;
		};
/* End PBXResourcesBuildPhase section */

/* Begin PBXSourcesBuildPhase section */
		85074720292B8A3A00425A97 /* Sources */ = {
			isa = PBXSourcesBuildPhase;
			buildActionMask = 2147483647;
			files = (
				85DDFD1E292C249E0017D662 /* CreateAccountViewController.swift in Sources */,
				85DDFD262934F6340017D662 /* VerificationsVC.swift in Sources */,
				85DDFD2C293637220017D662 /* UserDefaultsService.swift in Sources */,
				85DDFD28293504630017D662 /* UserModel.swift in Sources */,
				85DDFD2E293637A70017D662 /* UserDefaultsExt.swift in Sources */,
				85DDFD21292C31270017D662 /* VerificationService.swift in Sources */,
				85DDFD24292D30EE0017D662 /* UIViewControllerExt.swift in Sources */,
				85074728292B8A3A00425A97 /* AppDelegate.swift in Sources */,
				8507472A292B8A3A00425A97 /* SceneDelegate.swift in Sources */,
				85DDFD1C292C247A0017D662 /* SignInViewController.swift in Sources */,
				85DDFD2A293629B70017D662 /* WelcomeViewController.swift in Sources */,
			);
			runOnlyForDeploymentPostprocessing = 0;
		};
/* End PBXSourcesBuildPhase section */

/* Begin PBXVariantGroup section */
		85074732292B8A3B00425A97 /* LaunchScreen.storyboard */ = {
			isa = PBXVariantGroup;
			children = (
				85074733292B8A3B00425A97 /* Base */,
			);
			name = LaunchScreen.storyboard;
			sourceTree = "<group>";
		};
/* End PBXVariantGroup section */

/* Begin XCBuildConfiguration section */
		85074736292B8A3B00425A97 /* Debug */ = {
			isa = XCBuildConfiguration;
			buildSettings = {
				ALWAYS_SEARCH_USER_PATHS = NO;
				CLANG_ANALYZER_NONNULL = YES;
				CLANG_ANALYZER_NUMBER_OBJECT_CONVERSION = YES_AGGRESSIVE;
				CLANG_CXX_LANGUAGE_STANDARD = "gnu++17";
				CLANG_ENABLE_MODULES = YES;
				CLANG_ENABLE_OBJC_ARC = YES;
				CLANG_ENABLE_OBJC_WEAK = YES;
				CLANG_WARN_BLOCK_CAPTURE_AUTORELEASING = YES;
				CLANG_WARN_BOOL_CONVERSION = YES;
				CLANG_WARN_COMMA = YES;
				CLANG_WARN_CONSTANT_CONVERSION = YES;
				CLANG_WARN_DEPRECATED_OBJC_IMPLEMENTATIONS = YES;
				CLANG_WARN_DIRECT_OBJC_ISA_USAGE = YES_ERROR;
				CLANG_WARN_DOCUMENTATION_COMMENTS = YES;
				CLANG_WARN_EMPTY_BODY = YES;
				CLANG_WARN_ENUM_CONVERSION = YES;
				CLANG_WARN_INFINITE_RECURSION = YES;
				CLANG_WARN_INT_CONVERSION = YES;
				CLANG_WARN_NON_LITERAL_NULL_CONVERSION = YES;
				CLANG_WARN_OBJC_IMPLICIT_RETAIN_SELF = YES;
				CLANG_WARN_OBJC_LITERAL_CONVERSION = YES;
				CLANG_WARN_OBJC_ROOT_CLASS = YES_ERROR;
				CLANG_WARN_QUOTED_INCLUDE_IN_FRAMEWORK_HEADER = YES;
				CLANG_WARN_RANGE_LOOP_ANALYSIS = YES;
				CLANG_WARN_STRICT_PROTOTYPES = YES;
				CLANG_WARN_SUSPICIOUS_MOVE = YES;
				CLANG_WARN_UNGUARDED_AVAILABILITY = YES_AGGRESSIVE;
				CLANG_WARN_UNREACHABLE_CODE = YES;
				CLANG_WARN__DUPLICATE_METHOD_MATCH = YES;
				COPY_PHASE_STRIP = NO;
				DEBUG_INFORMATION_FORMAT = dwarf;
				ENABLE_STRICT_OBJC_MSGSEND = YES;
				ENABLE_TESTABILITY = YES;
				GCC_C_LANGUAGE_STANDARD = gnu11;
				GCC_DYNAMIC_NO_PIC = NO;
				GCC_NO_COMMON_BLOCKS = YES;
				GCC_OPTIMIZATION_LEVEL = 0;
				GCC_PREPROCESSOR_DEFINITIONS = (
					"DEBUG=1",
					"$(inherited)",
				);
				GCC_WARN_64_TO_32_BIT_CONVERSION = YES;
				GCC_WARN_ABOUT_RETURN_TYPE = YES_ERROR;
				GCC_WARN_UNDECLARED_SELECTOR = YES;
				GCC_WARN_UNINITIALIZED_AUTOS = YES_AGGRESSIVE;
				GCC_WARN_UNUSED_FUNCTION = YES;
				GCC_WARN_UNUSED_VARIABLE = YES;
				IPHONEOS_DEPLOYMENT_TARGET = 15.4;
				MTL_ENABLE_DEBUG_INFO = INCLUDE_SOURCE;
				MTL_FAST_MATH = YES;
				ONLY_ACTIVE_ARCH = YES;
				SDKROOT = iphoneos;
				SWIFT_ACTIVE_COMPILATION_CONDITIONS = DEBUG;
				SWIFT_OPTIMIZATION_LEVEL = "-Onone";
			};
			name = Debug;
		};
		85074737292B8A3B00425A97 /* Release */ = {
			isa = XCBuildConfiguration;
			buildSettings = {
				ALWAYS_SEARCH_USER_PATHS = NO;
				CLANG_ANALYZER_NONNULL = YES;
				CLANG_ANALYZER_NUMBER_OBJECT_CONVERSION = YES_AGGRESSIVE;
				CLANG_CXX_LANGUAGE_STANDARD = "gnu++17";
				CLANG_ENABLE_MODULES = YES;
				CLANG_ENABLE_OBJC_ARC = YES;
				CLANG_ENABLE_OBJC_WEAK = YES;
				CLANG_WARN_BLOCK_CAPTURE_AUTORELEASING = YES;
				CLANG_WARN_BOOL_CONVERSION = YES;
				CLANG_WARN_COMMA = YES;
				CLANG_WARN_CONSTANT_CONVERSION = YES;
				CLANG_WARN_DEPRECATED_OBJC_IMPLEMENTATIONS = YES;
				CLANG_WARN_DIRECT_OBJC_ISA_USAGE = YES_ERROR;
				CLANG_WARN_DOCUMENTATION_COMMENTS = YES;
				CLANG_WARN_EMPTY_BODY = YES;
				CLANG_WARN_ENUM_CONVERSION = YES;
				CLANG_WARN_INFINITE_RECURSION = YES;
				CLANG_WARN_INT_CONVERSION = YES;
				CLANG_WARN_NON_LITERAL_NULL_CONVERSION = YES;
				CLANG_WARN_OBJC_IMPLICIT_RETAIN_SELF = YES;
				CLANG_WARN_OBJC_LITERAL_CONVERSION = YES;
				CLANG_WARN_OBJC_ROOT_CLASS = YES_ERROR;
				CLANG_WARN_QUOTED_INCLUDE_IN_FRAMEWORK_HEADER = YES;
				CLANG_WARN_RANGE_LOOP_ANALYSIS = YES;
				CLANG_WARN_STRICT_PROTOTYPES = YES;
				CLANG_WARN_SUSPICIOUS_MOVE = YES;
				CLANG_WARN_UNGUARDED_AVAILABILITY = YES_AGGRESSIVE;
				CLANG_WARN_UNREACHABLE_CODE = YES;
				CLANG_WARN__DUPLICATE_METHOD_MATCH = YES;
				COPY_PHASE_STRIP = NO;
				DEBUG_INFORMATION_FORMAT = "dwarf-with-dsym";
				ENABLE_NS_ASSERTIONS = NO;
				ENABLE_STRICT_OBJC_MSGSEND = YES;
				GCC_C_LANGUAGE_STANDARD = gnu11;
				GCC_NO_COMMON_BLOCKS = YES;
				GCC_WARN_64_TO_32_BIT_CONVERSION = YES;
				GCC_WARN_ABOUT_RETURN_TYPE = YES_ERROR;
				GCC_WARN_UNDECLARED_SELECTOR = YES;
				GCC_WARN_UNINITIALIZED_AUTOS = YES_AGGRESSIVE;
				GCC_WARN_UNUSED_FUNCTION = YES;
				GCC_WARN_UNUSED_VARIABLE = YES;
				IPHONEOS_DEPLOYMENT_TARGET = 15.4;
				MTL_ENABLE_DEBUG_INFO = NO;
				MTL_FAST_MATH = YES;
				SDKROOT = iphoneos;
				SWIFT_COMPILATION_MODE = wholemodule;
				SWIFT_OPTIMIZATION_LEVEL = "-O";
				VALIDATE_PRODUCT = YES;
			};
			name = Release;
		};
		85074739292B8A3B00425A97 /* Debug */ = {
			isa = XCBuildConfiguration;
			buildSettings = {
				ASSETCATALOG_COMPILER_APPICON_NAME = AppIcon;
				ASSETCATALOG_COMPILER_GLOBAL_ACCENT_COLOR_NAME = AccentColor;
				CODE_SIGN_STYLE = Automatic;
				CURRENT_PROJECT_VERSION = 1;
				DEVELOPMENT_TEAM = K58CCQ4TCZ;
				GENERATE_INFOPLIST_FILE = YES;
				INFOPLIST_FILE = AppRegistration/Info.plist;
				INFOPLIST_KEY_UIApplicationSupportsIndirectInputEvents = YES;
				INFOPLIST_KEY_UILaunchStoryboardName = LaunchScreen;
				INFOPLIST_KEY_UIMainStoryboardFile = SignInStoryboard;
				INFOPLIST_KEY_UISupportedInterfaceOrientations_iPad = "UIInterfaceOrientationPortrait UIInterfaceOrientationPortraitUpsideDown UIInterfaceOrientationLandscapeLeft UIInterfaceOrientationLandscapeRight";
				INFOPLIST_KEY_UISupportedInterfaceOrientations_iPhone = "UIInterfaceOrientationPortrait UIInterfaceOrientationLandscapeLeft UIInterfaceOrientationLandscapeRight";
				LD_RUNPATH_SEARCH_PATHS = (
					"$(inherited)",
					"@executable_path/Frameworks",
				);
				MARKETING_VERSION = 1.0;
				PRODUCT_BUNDLE_IDENTIFIER = com.uliana.AppRegistration;
				PRODUCT_NAME = "$(TARGET_NAME)";
				SWIFT_EMIT_LOC_STRINGS = YES;
				SWIFT_VERSION = 5.0;
				TARGETED_DEVICE_FAMILY = "1,2";
			};
			name = Debug;
		};
		8507473A292B8A3B00425A97 /* Release */ = {
			isa = XCBuildConfiguration;
			buildSettings = {
				ASSETCATALOG_COMPILER_APPICON_NAME = AppIcon;
				ASSETCATALOG_COMPILER_GLOBAL_ACCENT_COLOR_NAME = AccentColor;
				CODE_SIGN_STYLE = Automatic;
				CURRENT_PROJECT_VERSION = 1;
				DEVELOPMENT_TEAM = K58CCQ4TCZ;
				GENERATE_INFOPLIST_FILE = YES;
				INFOPLIST_FILE = AppRegistration/Info.plist;
				INFOPLIST_KEY_UIApplicationSupportsIndirectInputEvents = YES;
				INFOPLIST_KEY_UILaunchStoryboardName = LaunchScreen;
				INFOPLIST_KEY_UIMainStoryboardFile = SignInStoryboard;
				INFOPLIST_KEY_UISupportedInterfaceOrientations_iPad = "UIInterfaceOrientationPortrait UIInterfaceOrientationPortraitUpsideDown UIInterfaceOrientationLandscapeLeft UIInterfaceOrientationLandscapeRight";
				INFOPLIST_KEY_UISupportedInterfaceOrientations_iPhone = "UIInterfaceOrientationPortrait UIInterfaceOrientationLandscapeLeft UIInterfaceOrientationLandscapeRight";
				LD_RUNPATH_SEARCH_PATHS = (
					"$(inherited)",
					"@executable_path/Frameworks",
				);
				MARKETING_VERSION = 1.0;
				PRODUCT_BUNDLE_IDENTIFIER = com.uliana.AppRegistration;
				PRODUCT_NAME = "$(TARGET_NAME)";
				SWIFT_EMIT_LOC_STRINGS = YES;
				SWIFT_VERSION = 5.0;
				TARGETED_DEVICE_FAMILY = "1,2";
			};
			name = Release;
		};
/* End XCBuildConfiguration section */

/* Begin XCConfigurationList section */
		8507471F292B8A3A00425A97 /* Build configuration list for PBXProject "AppRegistration" */ = {
			isa = XCConfigurationList;
			buildConfigurations = (
				85074736292B8A3B00425A97 /* Debug */,
				85074737292B8A3B00425A97 /* Release */,
			);
			defaultConfigurationIsVisible = 0;
			defaultConfigurationName = Release;
		};
		85074738292B8A3B00425A97 /* Build configuration list for PBXNativeTarget "AppRegistration" */ = {
			isa = XCConfigurationList;
			buildConfigurations = (
				85074739292B8A3B00425A97 /* Debug */,
				8507473A292B8A3B00425A97 /* Release */,
			);
			defaultConfigurationIsVisible = 0;
			defaultConfigurationName = Release;
		};
/* End XCConfigurationList section */
	};
	rootObject = 8507471C292B8A3A00425A97 /* Project object */;
}
